
Microsoft Visual Studio Solution File, Format Version 12.00
# Visual Studio 15
VisualStudioVersion = 15.0.28307.572
MinimumVisualStudioVersion = 10.0.40219.1
Project("{FAE04EC0-301F-11D3-BF4B-00C04F79EFBC}") = "VishalPatel", "VishalPatel\VishalPatel.csproj", "{7610A713-850C-4F41-9C5A-A092DEFD24CC}"
EndProject
Global
	GlobalSection(SolutionConfigurationPlatforms) = preSolution
		Debug|Any CPU = Debug|Any CPU
		Release|Any CPU = Release|Any CPU
	EndGlobalSection
	GlobalSection(ProjectConfigurationPlatforms) = postSolution
		{7610A713-850C-4F41-9C5A-A092DEFD24CC}.Debug|Any CPU.ActiveCfg = Debug|Any CPU
		{7610A713-850C-4F41-9C5A-A092DEFD24CC}.Debug|Any CPU.Build.0 = Debug|Any CPU
		{7610A713-850C-4F41-9C5A-A092DEFD24CC}.Release|Any CPU.ActiveCfg = Release|Any CPU
		{7610A713-850C-4F41-9C5A-A092DEFD24CC}.Release|Any CPU.Build.0 = Release|Any CPU
	EndGlobalSection
	GlobalSection(SolutionProperties) = preSolution
		HideSolutionNode = FALSE
	EndGlobalSection
	GlobalSection(ExtensibilityGlobals) = postSolution
		SolutionGuid = {EB4AEA3C-4657-4DC8-9FA8-E875AF04409F}
	EndGlobalSection
EndGlobal
